// !$*UTF8*$!
{
	archiveVersion = 1;
	classes = {
	};
	objectVersion = 46;
	objects = {

/* Begin PBXBuildFile section */
		45B024BD1BF47E9600D1BD9A /* main.m in Sources */ = {isa = PBXBuildFile; fileRef = 45B024BC1BF47E9600D1BD9A /* main.m */; };
		45B024C01BF47E9600D1BD9A /* AppDelegate.m in Sources */ = {isa = PBXBuildFile; fileRef = 45B024BF1BF47E9600D1BD9A /* AppDelegate.m */; };
		45B024C81BF47E9600D1BD9A /* Assets.xcassets in Resources */ = {isa = PBXBuildFile; fileRef = 45B024C71BF47E9600D1BD9A /* Assets.xcassets */; };
		45B024ED1BF47FC700D1BD9A /* PFFile.m in Sources */ = {isa = PBXBuildFile; fileRef = 45B024EC1BF47FC700D1BD9A /* PFFile.m */; };
		45B024F01BF47FF500D1BD9A /* PFModel.m in Sources */ = {isa = PBXBuildFile; fileRef = 45B024EF1BF47FF500D1BD9A /* PFModel.m */; };
		45B024F31BF4802000D1BD9A /* PFQRCode.m in Sources */ = {isa = PBXBuildFile; fileRef = 45B024F21BF4802000D1BD9A /* PFQRCode.m */; };
		45B024F61BF4804D00D1BD9A /* NSString+PFJudge.m in Sources */ = {isa = PBXBuildFile; fileRef = 45B024F51BF4804D00D1BD9A /* NSString+PFJudge.m */; };
		45B024F91BF4808500D1BD9A /* NSString+PFLocalized.m in Sources */ = {isa = PBXBuildFile; fileRef = 45B024F81BF4808500D1BD9A /* NSString+PFLocalized.m */; };
		45B0250F1BF481EE00D1BD9A /* RootViewController.m in Sources */ = {isa = PBXBuildFile; fileRef = 45B025041BF481EE00D1BD9A /* RootViewController.m */; };
		45B025101BF481EE00D1BD9A /* person.json in Resources */ = {isa = PBXBuildFile; fileRef = 45B025061BF481EE00D1BD9A /* person.json */; };
		45B025111BF481EE00D1BD9A /* PersonModel.m in Sources */ = {isa = PBXBuildFile; fileRef = 45B025091BF481EE00D1BD9A /* PersonModel.m */; };
		45B025121BF481EE00D1BD9A /* LaunchScreen.storyboard in Resources */ = {isa = PBXBuildFile; fileRef = 45B0250B1BF481EE00D1BD9A /* LaunchScreen.storyboard */; };
		45B025131BF481EE00D1BD9A /* Main.storyboard in Resources */ = {isa = PBXBuildFile; fileRef = 45B0250D1BF481EE00D1BD9A /* Main.storyboard */; };
/* End PBXBuildFile section */

/* Begin PBXFileReference section */
		45B024B81BF47E9600D1BD9A /* PFKit.app */ = {isa = PBXFileReference; explicitFileType = wrapper.application; includeInIndex = 0; path = PFKit.app; sourceTree = BUILT_PRODUCTS_DIR; };
		45B024BC1BF47E9600D1BD9A /* main.m */ = {isa = PBXFileReference; lastKnownFileType = sourcecode.c.objc; path = main.m; sourceTree = "<group>"; };
		45B024BE1BF47E9600D1BD9A /* AppDelegate.h */ = {isa = PBXFileReference; lastKnownFileType = sourcecode.c.h; path = AppDelegate.h; sourceTree = "<group>"; };
		45B024BF1BF47E9600D1BD9A /* AppDelegate.m */ = {isa = PBXFileReference; lastKnownFileType = sourcecode.c.objc; path = AppDelegate.m; sourceTree = "<group>"; };
		45B024C71BF47E9600D1BD9A /* Assets.xcassets */ = {isa = PBXFileReference; lastKnownFileType = folder.assetcatalog; path = Assets.xcassets; sourceTree = "<group>"; };
		45B024CC1BF47E9600D1BD9A /* Info.plist */ = {isa = PBXFileReference; lastKnownFileType = text.plist.xml; path = Info.plist; sourceTree = "<group>"; };
		45B024E71BF47F5A00D1BD9A /* PFKit.h */ = {isa = PBXFileReference; fileEncoding = 4; lastKnownFileType = sourcecode.c.h; path = PFKit.h; sourceTree = "<group>"; };
		45B024EB1BF47FC700D1BD9A /* PFFile.h */ = {isa = PBXFileReference; fileEncoding = 4; lastKnownFileType = sourcecode.c.h; path = PFFile.h; sourceTree = "<group>"; };
		45B024EC1BF47FC700D1BD9A /* PFFile.m */ = {isa = PBXFileReference; fileEncoding = 4; lastKnownFileType = sourcecode.c.objc; path = PFFile.m; sourceTree = "<group>"; };
		45B024EE1BF47FF500D1BD9A /* PFModel.h */ = {isa = PBXFileReference; fileEncoding = 4; lastKnownFileType = sourcecode.c.h; path = PFModel.h; sourceTree = "<group>"; };
		45B024EF1BF47FF500D1BD9A /* PFModel.m */ = {isa = PBXFileReference; fileEncoding = 4; lastKnownFileType = sourcecode.c.objc; path = PFModel.m; sourceTree = "<group>"; };
		45B024F11BF4802000D1BD9A /* PFQRCode.h */ = {isa = PBXFileReference; fileEncoding = 4; lastKnownFileType = sourcecode.c.h; path = PFQRCode.h; sourceTree = "<group>"; };
		45B024F21BF4802000D1BD9A /* PFQRCode.m */ = {isa = PBXFileReference; fileEncoding = 4; lastKnownFileType = sourcecode.c.objc; path = PFQRCode.m; sourceTree = "<group>"; };
		45B024F41BF4804D00D1BD9A /* NSString+PFJudge.h */ = {isa = PBXFileReference; fileEncoding = 4; lastKnownFileType = sourcecode.c.h; path = "NSString+PFJudge.h"; sourceTree = "<group>"; };
		45B024F51BF4804D00D1BD9A /* NSString+PFJudge.m */ = {isa = PBXFileReference; fileEncoding = 4; lastKnownFileType = sourcecode.c.objc; path = "NSString+PFJudge.m"; sourceTree = "<group>"; };
		45B024F71BF4808500D1BD9A /* NSString+PFLocalized.h */ = {isa = PBXFileReference; fileEncoding = 4; lastKnownFileType = sourcecode.c.h; path = "NSString+PFLocalized.h"; sourceTree = "<group>"; };
		45B024F81BF4808500D1BD9A /* NSString+PFLocalized.m */ = {isa = PBXFileReference; fileEncoding = 4; lastKnownFileType = sourcecode.c.objc; path = "NSString+PFLocalized.m"; sourceTree = "<group>"; };
		45B025031BF481EE00D1BD9A /* RootViewController.h */ = {isa = PBXFileReference; fileEncoding = 4; lastKnownFileType = sourcecode.c.h; path = RootViewController.h; sourceTree = "<group>"; };
		45B025041BF481EE00D1BD9A /* RootViewController.m */ = {isa = PBXFileReference; fileEncoding = 4; lastKnownFileType = sourcecode.c.objc; path = RootViewController.m; sourceTree = "<group>"; };
		45B025061BF481EE00D1BD9A /* person.json */ = {isa = PBXFileReference; fileEncoding = 4; lastKnownFileType = text.json; path = person.json; sourceTree = "<group>"; };
		45B025081BF481EE00D1BD9A /* PersonModel.h */ = {isa = PBXFileReference; fileEncoding = 4; lastKnownFileType = sourcecode.c.h; path = PersonModel.h; sourceTree = "<group>"; };
		45B025091BF481EE00D1BD9A /* PersonModel.m */ = {isa = PBXFileReference; fileEncoding = 4; lastKnownFileType = sourcecode.c.objc; path = PersonModel.m; sourceTree = "<group>"; };
		45B0250C1BF481EE00D1BD9A /* Base */ = {isa = PBXFileReference; lastKnownFileType = file.storyboard; name = Base; path = Base.lproj/LaunchScreen.storyboard; sourceTree = "<group>"; };
		45B0250E1BF481EE00D1BD9A /* Base */ = {isa = PBXFileReference; lastKnownFileType = file.storyboard; name = Base; path = Base.lproj/Main.storyboard; sourceTree = "<group>"; };
		45B025141BF4829E00D1BD9A /* Interface.h */ = {isa = PBXFileReference; fileEncoding = 4; lastKnownFileType = sourcecode.c.h; path = Interface.h; sourceTree = "<group>"; };
/* End PBXFileReference section */

/* Begin PBXFrameworksBuildPhase section */
		45B024B51BF47E9600D1BD9A /* Frameworks */ = {
			isa = PBXFrameworksBuildPhase;
			buildActionMask = 2147483647;
			files = (
			);
			runOnlyForDeploymentPostprocessing = 0;
		};
/* End PBXFrameworksBuildPhase section */

/* Begin PBXGroup section */
		45B024AF1BF47E9600D1BD9A = {
			isa = PBXGroup;
			children = (
				45B024BA1BF47E9600D1BD9A /* PFKit */,
				45B024B91BF47E9600D1BD9A /* Products */,
			);
			sourceTree = "<group>";
		};
		45B024B91BF47E9600D1BD9A /* Products */ = {
			isa = PBXGroup;
			children = (
				45B024B81BF47E9600D1BD9A /* PFKit.app */,
			);
			name = Products;
			sourceTree = "<group>";
		};
		45B024BA1BF47E9600D1BD9A /* PFKit */ = {
			isa = PBXGroup;
			children = (
				45B024BE1BF47E9600D1BD9A /* AppDelegate.h */,
				45B024BF1BF47E9600D1BD9A /* AppDelegate.m */,
				45B025011BF481EE00D1BD9A /* App */,
				45B024D41BF47ED100D1BD9A /* Vendor */,
				45B024C71BF47E9600D1BD9A /* Assets.xcassets */,
				45B024CC1BF47E9600D1BD9A /* Info.plist */,
				45B024BB1BF47E9600D1BD9A /* Supporting Files */,
			);
			path = PFKit;
			sourceTree = "<group>";
		};
		45B024BB1BF47E9600D1BD9A /* Supporting Files */ = {
			isa = PBXGroup;
			children = (
				45B024BC1BF47E9600D1BD9A /* main.m */,
			);
			name = "Supporting Files";
			sourceTree = "<group>";
		};
		45B024D41BF47ED100D1BD9A /* Vendor */ = {
			isa = PBXGroup;
			children = (
				45B024E01BF47F2B00D1BD9A /* PFKit */,
			);
			path = Vendor;
			sourceTree = "<group>";
		};
		45B024E01BF47F2B00D1BD9A /* PFKit */ = {
			isa = PBXGroup;
			children = (
				45B024E61BF47F5A00D1BD9A /* PFFile */,
				45B024E71BF47F5A00D1BD9A /* PFKit.h */,
				45B024E81BF47F5A00D1BD9A /* PFModel */,
				45B024E91BF47F5A00D1BD9A /* PFQRCode */,
				45B024EA1BF47F5A00D1BD9A /* PFString */,
			);
			path = PFKit;
			sourceTree = "<group>";
		};
		45B024E61BF47F5A00D1BD9A /* PFFile */ = {
			isa = PBXGroup;
			children = (
				45B024EB1BF47FC700D1BD9A /* PFFile.h */,
				45B024EC1BF47FC700D1BD9A /* PFFile.m */,
			);
			path = PFFile;
			sourceTree = "<group>";
		};
		45B024E81BF47F5A00D1BD9A /* PFModel */ = {
			isa = PBXGroup;
			children = (
				45B024EE1BF47FF500D1BD9A /* PFModel.h */,
				45B024EF1BF47FF500D1BD9A /* PFModel.m */,
			);
			path = PFModel;
			sourceTree = "<group>";
		};
		45B024E91BF47F5A00D1BD9A /* PFQRCode */ = {
			isa = PBXGroup;
			children = (
				45B024F11BF4802000D1BD9A /* PFQRCode.h */,
				45B024F21BF4802000D1BD9A /* PFQRCode.m */,
			);
			path = PFQRCode;
			sourceTree = "<group>";
		};
		45B024EA1BF47F5A00D1BD9A /* PFString */ = {
			isa = PBXGroup;
			children = (
				45B024F41BF4804D00D1BD9A /* NSString+PFJudge.h */,
				45B024F51BF4804D00D1BD9A /* NSString+PFJudge.m */,
				45B024F71BF4808500D1BD9A /* NSString+PFLocalized.h */,
				45B024F81BF4808500D1BD9A /* NSString+PFLocalized.m */,
			);
			path = PFString;
			sourceTree = "<group>";
		};
		45B025011BF481EE00D1BD9A /* App */ = {
			isa = PBXGroup;
			children = (
				45B025021BF481EE00D1BD9A /* Controller */,
				45B025051BF481EE00D1BD9A /* File */,
				45B025071BF481EE00D1BD9A /* Model */,
				45B0250A1BF481EE00D1BD9A /* View */,
			);
			path = App;
			sourceTree = "<group>";
		};
		45B025021BF481EE00D1BD9A /* Controller */ = {
			isa = PBXGroup;
			children = (
				45B025031BF481EE00D1BD9A /* RootViewController.h */,
				45B025041BF481EE00D1BD9A /* RootViewController.m */,
			);
			path = Controller;
			sourceTree = "<group>";
		};
		45B025051BF481EE00D1BD9A /* File */ = {
			isa = PBXGroup;
			children = (
				45B025061BF481EE00D1BD9A /* person.json */,
			);
			path = File;
			sourceTree = "<group>";
		};
		45B025071BF481EE00D1BD9A /* Model */ = {
			isa = PBXGroup;
			children = (
				45B025141BF4829E00D1BD9A /* Interface.h */,
				45B025081BF481EE00D1BD9A /* PersonModel.h */,
				45B025091BF481EE00D1BD9A /* PersonModel.m */,
			);
			path = Model;
			sourceTree = "<group>";
		};
		45B0250A1BF481EE00D1BD9A /* View */ = {
			isa = PBXGroup;
			children = (
				45B0250B1BF481EE00D1BD9A /* LaunchScreen.storyboard */,
				45B0250D1BF481EE00D1BD9A /* Main.storyboard */,
			);
			path = View;
			sourceTree = "<group>";
		};
/* End PBXGroup section */

/* Begin PBXNativeTarget section */
		45B024B71BF47E9600D1BD9A /* PFKit */ = {
			isa = PBXNativeTarget;
			buildConfigurationList = 45B024CF1BF47E9600D1BD9A /* Build configuration list for PBXNativeTarget "PFKit" */;
			buildPhases = (
				45B024B41BF47E9600D1BD9A /* Sources */,
				45B024B51BF47E9600D1BD9A /* Frameworks */,
				45B024B61BF47E9600D1BD9A /* Resources */,
			);
			buildRules = (
			);
			dependencies = (
			);
			name = PFKit;
			productName = PFKit;
			productReference = 45B024B81BF47E9600D1BD9A /* PFKit.app */;
			productType = "com.apple.product-type.application";
		};
/* End PBXNativeTarget section */

/* Begin PBXProject section */
		45B024B01BF47E9600D1BD9A /* Project object */ = {
			isa = PBXProject;
			attributes = {
				LastUpgradeCheck = 0710;
				ORGANIZATIONNAME = "PF-Lib";
				TargetAttributes = {
					45B024B71BF47E9600D1BD9A = {
						CreatedOnToolsVersion = 7.1;
					};
				};
			};
			buildConfigurationList = 45B024B31BF47E9600D1BD9A /* Build configuration list for PBXProject "PFKit" */;
			compatibilityVersion = "Xcode 3.2";
			developmentRegion = English;
			hasScannedForEncodings = 0;
			knownRegions = (
				en,
				Base,
			);
			mainGroup = 45B024AF1BF47E9600D1BD9A;
			productRefGroup = 45B024B91BF47E9600D1BD9A /* Products */;
			projectDirPath = "";
			projectRoot = "";
			targets = (
				45B024B71BF47E9600D1BD9A /* PFKit */,
			);
		};
/* End PBXProject section */

/* Begin PBXResourcesBuildPhase section */
		45B024B61BF47E9600D1BD9A /* Resources */ = {
			isa = PBXResourcesBuildPhase;
			buildActionMask = 2147483647;
			files = (
				45B025121BF481EE00D1BD9A /* LaunchScreen.storyboard in Resources */,
				45B025101BF481EE00D1BD9A /* person.json in Resources */,
				45B024C81BF47E9600D1BD9A /* Assets.xcassets in Resources */,
				45B025131BF481EE00D1BD9A /* Main.storyboard in Resources */,
			);
			runOnlyForDeploymentPostprocessing = 0;
		};
/* End PBXResourcesBuildPhase section */

/* Begin PBXSourcesBuildPhase section */
		45B024B41BF47E9600D1BD9A /* Sources */ = {
			isa = PBXSourcesBuildPhase;
			buildActionMask = 2147483647;
			files = (
				45B024ED1BF47FC700D1BD9A /* PFFile.m in Sources */,
				45B024F61BF4804D00D1BD9A /* NSString+PFJudge.m in Sources */,
				45B0250F1BF481EE00D1BD9A /* RootViewController.m in Sources */,
				45B024C01BF47E9600D1BD9A /* AppDelegate.m in Sources */,
				45B024F31BF4802000D1BD9A /* PFQRCode.m in Sources */,
				45B024BD1BF47E9600D1BD9A /* main.m in Sources */,
				45B025111BF481EE00D1BD9A /* PersonModel.m in Sources */,
				45B024F01BF47FF500D1BD9A /* PFModel.m in Sources */,
				45B024F91BF4808500D1BD9A /* NSString+PFLocalized.m in Sources */,
			);
			runOnlyForDeploymentPostprocessing = 0;
		};
/* End PBXSourcesBuildPhase section */

/* Begin PBXVariantGroup section */
		45B0250B1BF481EE00D1BD9A /* LaunchScreen.storyboard */ = {
			isa = PBXVariantGroup;
			children = (
				45B0250C1BF481EE00D1BD9A /* Base */,
			);
			name = LaunchScreen.storyboard;
			sourceTree = "<group>";
		};
		45B0250D1BF481EE00D1BD9A /* Main.storyboard */ = {
			isa = PBXVariantGroup;
			children = (
				45B0250E1BF481EE00D1BD9A /* Base */,
			);
			name = Main.storyboard;
			sourceTree = "<group>";
		};
/* End PBXVariantGroup section */

/* Begin XCBuildConfiguration section */
		45B024CD1BF47E9600D1BD9A /* Debug */ = {
			isa = XCBuildConfiguration;
			buildSettings = {
				ALWAYS_SEARCH_USER_PATHS = NO;
				CLANG_CXX_LANGUAGE_STANDARD = "gnu++0x";
				CLANG_CXX_LIBRARY = "libc++";
				CLANG_ENABLE_MODULES = YES;
				CLANG_ENABLE_OBJC_ARC = YES;
				CLANG_WARN_BOOL_CONVERSION = YES;
				CLANG_WARN_CONSTANT_CONVERSION = YES;
				CLANG_WARN_DIRECT_OBJC_ISA_USAGE = YES_ERROR;
				CLANG_WARN_EMPTY_BODY = YES;
				CLANG_WARN_ENUM_CONVERSION = YES;
				CLANG_WARN_INT_CONVERSION = YES;
				CLANG_WARN_OBJC_ROOT_CLASS = YES_ERROR;
				CLANG_WARN_UNREACHABLE_CODE = YES;
				CLANG_WARN__DUPLICATE_METHOD_MATCH = YES;
				"CODE_SIGN_IDENTITY[sdk=iphoneos*]" = "iPhone Developer";
				COPY_PHASE_STRIP = NO;
				DEBUG_INFORMATION_FORMAT = dwarf;
				ENABLE_STRICT_OBJC_MSGSEND = YES;
				ENABLE_TESTABILITY = YES;
				GCC_C_LANGUAGE_STANDARD = gnu99;
				GCC_DYNAMIC_NO_PIC = NO;
				GCC_NO_COMMON_BLOCKS = YES;
				GCC_OPTIMIZATION_LEVEL = 0;
				GCC_PREPROCESSOR_DEFINITIONS = (
					"DEBUG=1",
					"$(inherited)",
				);
				GCC_WARN_64_TO_32_BIT_CONVERSION = YES;
				GCC_WARN_ABOUT_RETURN_TYPE = YES_ERROR;
				GCC_WARN_UNDECLARED_SELECTOR = YES;
				GCC_WARN_UNINITIALIZED_AUTOS = YES_AGGRESSIVE;
				GCC_WARN_UNUSED_FUNCTION = YES;
				GCC_WARN_UNUSED_VARIABLE = YES;
				IPHONEOS_DEPLOYMENT_TARGET = 9.1;
				MTL_ENABLE_DEBUG_INFO = YES;
				ONLY_ACTIVE_ARCH = YES;
				SDKROOT = iphoneos;
				TARGETED_DEVICE_FAMILY = "1,2";
			};
			name = Debug;
		};
		45B024CE1BF47E9600D1BD9A /* Release */ = {
			isa = XCBuildConfiguration;
			buildSettings = {
				ALWAYS_SEARCH_USER_PATHS = NO;
				CLANG_CXX_LANGUAGE_STANDARD = "gnu++0x";
				CLANG_CXX_LIBRARY = "libc++";
				CLANG_ENABLE_MODULES = YES;
				CLANG_ENABLE_OBJC_ARC = YES;
				CLANG_WARN_BOOL_CONVERSION = YES;
				CLANG_WARN_CONSTANT_CONVERSION = YES;
				CLANG_WARN_DIRECT_OBJC_ISA_USAGE = YES_ERROR;
				CLANG_WARN_EMPTY_BODY = YES;
				CLANG_WARN_ENUM_CONVERSION = YES;
				CLANG_WARN_INT_CONVERSION = YES;
				CLANG_WARN_OBJC_ROOT_CLASS = YES_ERROR;
				CLANG_WARN_UNREACHABLE_CODE = YES;
				CLANG_WARN__DUPLICATE_METHOD_MATCH = YES;
				"CODE_SIGN_IDENTITY[sdk=iphoneos*]" = "iPhone Developer";
				COPY_PHASE_STRIP = NO;
				DEBUG_INFORMATION_FORMAT = "dwarf-with-dsym";
				ENABLE_NS_ASSERTIONS = NO;
				ENABLE_STRICT_OBJC_MSGSEND = YES;
				GCC_C_LANGUAGE_STANDARD = gnu99;
				GCC_NO_COMMON_BLOCKS = YES;
				GCC_WARN_64_TO_32_BIT_CONVERSION = YES;
				GCC_WARN_ABOUT_RETURN_TYPE = YES_ERROR;
				GCC_WARN_UNDECLARED_SELECTOR = YES;
				GCC_WARN_UNINITIALIZED_AUTOS = YES_AGGRESSIVE;
				GCC_WARN_UNUSED_FUNCTION = YES;
				GCC_WARN_UNUSED_VARIABLE = YES;
				IPHONEOS_DEPLOYMENT_TARGET = 9.1;
				MTL_ENABLE_DEBUG_INFO = NO;
				SDKROOT = iphoneos;
				TARGETED_DEVICE_FAMILY = "1,2";
				VALIDATE_PRODUCT = YES;
			};
			name = Release;
		};
		45B024D01BF47E9600D1BD9A /* Debug */ = {
			isa = XCBuildConfiguration;
			buildSettings = {
				ASSETCATALOG_COMPILER_APPICON_NAME = AppIcon;
				INFOPLIST_FILE = PFKit/Info.plist;
				LD_RUNPATH_SEARCH_PATHS = "$(inherited) @executable_path/Frameworks";
				PRODUCT_BUNDLE_IDENTIFIER = "com.PF-Lib.PFKit";
				PRODUCT_NAME = "$(TARGET_NAME)";
			};
			name = Debug;
		};
		45B024D11BF47E9600D1BD9A /* Release */ = {
			isa = XCBuildConfiguration;
			buildSettings = {
				ASSETCATALOG_COMPILER_APPICON_NAME = AppIcon;
				INFOPLIST_FILE = PFKit/Info.plist;
				LD_RUNPATH_SEARCH_PATHS = "$(inherited) @executable_path/Frameworks";
				PRODUCT_BUNDLE_IDENTIFIER = "com.PF-Lib.PFKit";
				PRODUCT_NAME = "$(TARGET_NAME)";
			};
			name = Release;
		};
/* End XCBuildConfiguration section */

/* Begin XCConfigurationList section */
		45B024B31BF47E9600D1BD9A /* Build configuration list for PBXProject "PFKit" */ = {
			isa = XCConfigurationList;
			buildConfigurations = (
				45B024CD1BF47E9600D1BD9A /* Debug */,
				45B024CE1BF47E9600D1BD9A /* Release */,
			);
			defaultConfigurationIsVisible = 0;
			defaultConfigurationName = Release;
		};
		45B024CF1BF47E9600D1BD9A /* Build configuration list for PBXNativeTarget "PFKit" */ = {
			isa = XCConfigurationList;
			buildConfigurations = (
				45B024D01BF47E9600D1BD9A /* Debug */,
				45B024D11BF47E9600D1BD9A /* Release */,
			);
			defaultConfigurationIsVisible = 0;
			defaultConfigurationName = Release;
		};
/* End XCConfigurationList section */
	};
	rootObject = 45B024B01BF47E9600D1BD9A /* Project object */;
}
